
Microsoft Visual Studio Solution File, Format Version 12.00
# Visual Studio Version 17
VisualStudioVersion = 17.9.34723.18
MinimumVisualStudioVersion = 10.0.40219.1
Project("{9A19103F-16F7-4668-BE54-9A1E7A4F7556}") = "AwesomeExcel", "AwesomeExcel\AwesomeExcel.csproj", "{47720348-C7C7-4BD7-AB44-33EC26F67CDE}"
EndProject
Project("{9A19103F-16F7-4668-BE54-9A1E7A4F7556}") = "Tests", "Tests\Tests.csproj", "{9B0EE7A9-DA19-4153-A077-86E4196D14B4}"
EndProject
Project("{9A19103F-16F7-4668-BE54-9A1E7A4F7556}") = "AwesomeExcel.Core", "AwesomeExcel.Core\AwesomeExcel.Core.csproj", "{ADDB5854-522A-45B2-82F4-B968C8F4E8B7}"
EndProject
Project("{9A19103F-16F7-4668-BE54-9A1E7A4F7556}") = "AwesomeExcel.BridgeNPOI", "AwesomeExcel.BridgeNPOI\AwesomeExcel.BridgeNPOI.csproj", "{7EBF274B-AC2E-447D-B30C-1040BAC10E6B}"
EndProject
Project("{9A19103F-16F7-4668-BE54-9A1E7A4F7556}") = "Benchmarks", "Benchmarks\Benchmarks.csproj", "{B64ECD0C-16D6-4BE8-B81D-43D782F48B15}"
EndProject
Project("{FAE04EC0-301F-11D3-BF4B-00C04F79EFBC}") = "AwesomeExcel.BridgeOpenXML", "AwesomeExcel.BridgeOpenXML\AwesomeExcel.BridgeOpenXML.csproj", "{671520A6-BBA5-4022-8D7A-35D80CEE4D21}"
EndProject
Global
	GlobalSection(SolutionConfigurationPlatforms) = preSolution
		Debug|Any CPU = Debug|Any CPU
		Release|Any CPU = Release|Any CPU
	EndGlobalSection
	GlobalSection(ProjectConfigurationPlatforms) = postSolution
		{47720348-C7C7-4BD7-AB44-33EC26F67CDE}.Debug|Any CPU.ActiveCfg = Debug|Any CPU
		{47720348-C7C7-4BD7-AB44-33EC26F67CDE}.Debug|Any CPU.Build.0 = Debug|Any CPU
		{47720348-C7C7-4BD7-AB44-33EC26F67CDE}.Release|Any CPU.ActiveCfg = Release|Any CPU
		{47720348-C7C7-4BD7-AB44-33EC26F67CDE}.Release|Any CPU.Build.0 = Release|Any CPU
		{9B0EE7A9-DA19-4153-A077-86E4196D14B4}.Debug|Any CPU.ActiveCfg = Debug|Any CPU
		{9B0EE7A9-DA19-4153-A077-86E4196D14B4}.Debug|Any CPU.Build.0 = Debug|Any CPU
		{9B0EE7A9-DA19-4153-A077-86E4196D14B4}.Release|Any CPU.ActiveCfg = Release|Any CPU
		{9B0EE7A9-DA19-4153-A077-86E4196D14B4}.Release|Any CPU.Build.0 = Release|Any CPU
		{ADDB5854-522A-45B2-82F4-B968C8F4E8B7}.Debug|Any CPU.ActiveCfg = Debug|Any CPU
		{ADDB5854-522A-45B2-82F4-B968C8F4E8B7}.Debug|Any CPU.Build.0 = Debug|Any CPU
		{ADDB5854-522A-45B2-82F4-B968C8F4E8B7}.Release|Any CPU.ActiveCfg = Release|Any CPU
		{ADDB5854-522A-45B2-82F4-B968C8F4E8B7}.Release|Any CPU.Build.0 = Release|Any CPU
		{7EBF274B-AC2E-447D-B30C-1040BAC10E6B}.Debug|Any CPU.ActiveCfg = Debug|Any CPU
		{7EBF274B-AC2E-447D-B30C-1040BAC10E6B}.Debug|Any CPU.Build.0 = Debug|Any CPU
		{7EBF274B-AC2E-447D-B30C-1040BAC10E6B}.Release|Any CPU.ActiveCfg = Release|Any CPU
		{7EBF274B-AC2E-447D-B30C-1040BAC10E6B}.Release|Any CPU.Build.0 = Release|Any CPU
		{B64ECD0C-16D6-4BE8-B81D-43D782F48B15}.Debug|Any CPU.ActiveCfg = Debug|Any CPU
		{B64ECD0C-16D6-4BE8-B81D-43D782F48B15}.Debug|Any CPU.Build.0 = Debug|Any CPU
		{B64ECD0C-16D6-4BE8-B81D-43D782F48B15}.Release|Any CPU.ActiveCfg = Release|Any CPU
		{B64ECD0C-16D6-4BE8-B81D-43D782F48B15}.Release|Any CPU.Build.0 = Release|Any CPU
		{671520A6-BBA5-4022-8D7A-35D80CEE4D21}.Debug|Any CPU.ActiveCfg = Debug|Any CPU
		{671520A6-BBA5-4022-8D7A-35D80CEE4D21}.Debug|Any CPU.Build.0 = Debug|Any CPU
		{671520A6-BBA5-4022-8D7A-35D80CEE4D21}.Release|Any CPU.ActiveCfg = Release|Any CPU
		{671520A6-BBA5-4022-8D7A-35D80CEE4D21}.Release|Any CPU.Build.0 = Release|Any CPU
	EndGlobalSection
	GlobalSection(SolutionProperties) = preSolution
		HideSolutionNode = FALSE
	EndGlobalSection
	GlobalSection(ExtensibilityGlobals) = postSolution
		SolutionGuid = {C3F4EA1F-6847-4190-91BB-6D8FC7563DFC}
	EndGlobalSection
EndGlobal
